
Microsoft Visual Studio Solution File, Format Version 12.00
# Visual Studio Version 17
VisualStudioVersion = 17.6.33815.320
MinimumVisualStudioVersion = 10.0.40219.1
Project("{FAE04EC0-301F-11D3-BF4B-00C04F79EFBC}") = "Entities", "Entities\Entities.csproj", "{8876E2AD-3F4C-4111-A7A3-2EBEC089C88C}"
EndProject
Project("{FAE04EC0-301F-11D3-BF4B-00C04F79EFBC}") = "DataAccess", "DataAccess\DataAccess.csproj", "{0124752B-3C31-4498-BF12-581DBC4E96DF}"
EndProject
Project("{FAE04EC0-301F-11D3-BF4B-00C04F79EFBC}") = "Business", "Business\Business.csproj", "{B267E016-713C-4CC9-88E4-C855FF7BEDF5}"
EndProject
Project("{FAE04EC0-301F-11D3-BF4B-00C04F79EFBC}") = "Core", "Core\Core.csproj", "{3EB2076B-8452-48CE-B654-A3FEFB6BFD10}"
EndProject
Project("{FAE04EC0-301F-11D3-BF4B-00C04F79EFBC}") = "WebApi", "WebApi\WebApi.csproj", "{2EB11E8C-FF19-4EA3-8A21-137A6BEFD0BB}"
EndProject
Global
	GlobalSection(SolutionConfigurationPlatforms) = preSolution
		Debug|Any CPU = Debug|Any CPU
		Release|Any CPU = Release|Any CPU
	EndGlobalSection
	GlobalSection(ProjectConfigurationPlatforms) = postSolution
		{8876E2AD-3F4C-4111-A7A3-2EBEC089C88C}.Debug|Any CPU.ActiveCfg = Debug|Any CPU
		{8876E2AD-3F4C-4111-A7A3-2EBEC089C88C}.Debug|Any CPU.Build.0 = Debug|Any CPU
		{8876E2AD-3F4C-4111-A7A3-2EBEC089C88C}.Release|Any CPU.ActiveCfg = Release|Any CPU
		{8876E2AD-3F4C-4111-A7A3-2EBEC089C88C}.Release|Any CPU.Build.0 = Release|Any CPU
		{0124752B-3C31-4498-BF12-581DBC4E96DF}.Debug|Any CPU.ActiveCfg = Debug|Any CPU
		{0124752B-3C31-4498-BF12-581DBC4E96DF}.Debug|Any CPU.Build.0 = Debug|Any CPU
		{0124752B-3C31-4498-BF12-581DBC4E96DF}.Release|Any CPU.ActiveCfg = Release|Any CPU
		{0124752B-3C31-4498-BF12-581DBC4E96DF}.Release|Any CPU.Build.0 = Release|Any CPU
		{B267E016-713C-4CC9-88E4-C855FF7BEDF5}.Debug|Any CPU.ActiveCfg = Debug|Any CPU
		{B267E016-713C-4CC9-88E4-C855FF7BEDF5}.Debug|Any CPU.Build.0 = Debug|Any CPU
		{B267E016-713C-4CC9-88E4-C855FF7BEDF5}.Release|Any CPU.ActiveCfg = Release|Any CPU
		{B267E016-713C-4CC9-88E4-C855FF7BEDF5}.Release|Any CPU.Build.0 = Release|Any CPU
		{3EB2076B-8452-48CE-B654-A3FEFB6BFD10}.Debug|Any CPU.ActiveCfg = Debug|Any CPU
		{3EB2076B-8452-48CE-B654-A3FEFB6BFD10}.Debug|Any CPU.Build.0 = Debug|Any CPU
		{3EB2076B-8452-48CE-B654-A3FEFB6BFD10}.Release|Any CPU.ActiveCfg = Release|Any CPU
		{3EB2076B-8452-48CE-B654-A3FEFB6BFD10}.Release|Any CPU.Build.0 = Release|Any CPU
		{2EB11E8C-FF19-4EA3-8A21-137A6BEFD0BB}.Debug|Any CPU.ActiveCfg = Debug|Any CPU
		{2EB11E8C-FF19-4EA3-8A21-137A6BEFD0BB}.Debug|Any CPU.Build.0 = Debug|Any CPU
		{2EB11E8C-FF19-4EA3-8A21-137A6BEFD0BB}.Release|Any CPU.ActiveCfg = Release|Any CPU
		{2EB11E8C-FF19-4EA3-8A21-137A6BEFD0BB}.Release|Any CPU.Build.0 = Release|Any CPU
	EndGlobalSection
	GlobalSection(SolutionProperties) = preSolution
		HideSolutionNode = FALSE
	EndGlobalSection
	GlobalSection(ExtensibilityGlobals) = postSolution
		SolutionGuid = {A2DF72D6-5A0C-4C2F-90F0-EC2F1DCAD956}
	EndGlobalSection
EndGlobal
